PODS:
  - Flutter (1.0.0)
  - flutternewrelic (0.0.1):
    - Flutter
    - NewRelicAgent
  - NewRelicAgent (6.10.0)

DEPENDENCIES:
  - Flutter (from `Flutter`)
  - flutternewrelic (from `.symlinks/plugins/flutternewrelic/ios`)

SPEC REPOS:
  trunk:
    - NewRelicAgent

EXTERNAL SOURCES:
  Flutter:
    :path: Flutter
  flutternewrelic:
    :path: ".symlinks/plugins/flutternewrelic/ios"

SPEC CHECKSUMS:
  Flutter: 0e3d915762c693b495b44d77113d4970485de6ec
  flutternewrelic: d066f7d41771a2ae643ec9f2be7bd742121a1506
  NewRelicAgent: 6b1fd6338b8465010df263aa7e3e9c11f51e6aaa

PODFILE CHECKSUM: c34e2287a9ccaa606aeceab922830efb9a6ff69a

COCOAPODS: 1.8.4
